
Microsoft Visual Studio Solution File, Format Version 12.00
# Visual Studio Version 17
VisualStudioVersion = 17.1.32319.34
MinimumVisualStudioVersion = 10.0.40219.1
Project("{FAE04EC0-301F-11D3-BF4B-00C04F79EFBC}") = "ConsoleApp18", "ConsoleApp18\ConsoleApp18.csproj", "{4FD42D6A-E879-46A3-A74B-F046C722789D}"
EndProject
Global
	GlobalSection(SolutionConfigurationPlatforms) = preSolution
		Debug|Any CPU = Debug|Any CPU
		Release|Any CPU = Release|Any CPU
	EndGlobalSection
	GlobalSection(ProjectConfigurationPlatforms) = postSolution
		{4FD42D6A-E879-46A3-A74B-F046C722789D}.Debug|Any CPU.ActiveCfg = Debug|Any CPU
		{4FD42D6A-E879-46A3-A74B-F046C722789D}.Debug|Any CPU.Build.0 = Debug|Any CPU
		{4FD42D6A-E879-46A3-A74B-F046C722789D}.Release|Any CPU.ActiveCfg = Release|Any CPU
		{4FD42D6A-E879-46A3-A74B-F046C722789D}.Release|Any CPU.Build.0 = Release|Any CPU
	EndGlobalSection
	GlobalSection(SolutionProperties) = preSolution
		HideSolutionNode = FALSE
	EndGlobalSection
	GlobalSection(ExtensibilityGlobals) = postSolution
		SolutionGuid = {9187AEB2-6B4E-4904-BAAE-97182D47F6F5}
	EndGlobalSection
EndGlobal
